
Microsoft Visual Studio Solution File, Format Version 12.00
# Visual Studio Version 16
VisualStudioVersion = 16.0.31019.35
MinimumVisualStudioVersion = 10.0.40219.1
Project("{FAE04EC0-301F-11D3-BF4B-00C04F79EFBC}") = "Vigilance.Extensions", "Vigilance.Extensions\Vigilance.Extensions.csproj", "{C7C40BFD-93A1-487A-8C5A-AAC623024F37}"
EndProject
Global
	GlobalSection(SolutionConfigurationPlatforms) = preSolution
		Debug|Any CPU = Debug|Any CPU
		Release|Any CPU = Release|Any CPU
	EndGlobalSection
	GlobalSection(ProjectConfigurationPlatforms) = postSolution
		{C7C40BFD-93A1-487A-8C5A-AAC623024F37}.Debug|Any CPU.ActiveCfg = Debug|Any CPU
		{C7C40BFD-93A1-487A-8C5A-AAC623024F37}.Debug|Any CPU.Build.0 = Debug|Any CPU
		{C7C40BFD-93A1-487A-8C5A-AAC623024F37}.Release|Any CPU.ActiveCfg = Release|Any CPU
		{C7C40BFD-93A1-487A-8C5A-AAC623024F37}.Release|Any CPU.Build.0 = Release|Any CPU
	EndGlobalSection
	GlobalSection(SolutionProperties) = preSolution
		HideSolutionNode = FALSE
	EndGlobalSection
	GlobalSection(ExtensibilityGlobals) = postSolution
		SolutionGuid = {C5FE5EC8-886E-4633-A53A-C499365F253F}
	EndGlobalSection
EndGlobal
