
Microsoft Visual Studio Solution File, Format Version 12.00
# Visual Studio Version 16
VisualStudioVersion = 16.0.31019.35
MinimumVisualStudioVersion = 10.0.40219.1
Project("{FAE04EC0-301F-11D3-BF4B-00C04F79EFBC}") = "Vigilance.External.Patching", "Vigilance.External.Patching\Vigilance.External.Patching.csproj", "{C94BD67C-2A9C-488C-AAFF-2E6B00A25D26}"
EndProject
Project("{2150E333-8FDC-42A3-9474-1A3956D46DE8}") = "Solution Items", "Solution Items", "{9AFEAC5D-ABE6-4AE1-83B6-78D5F89C9AC2}"
	ProjectSection(SolutionItems) = preProject
		.editorconfig = .editorconfig
	EndProjectSection
EndProject
Global
	GlobalSection(SolutionConfigurationPlatforms) = preSolution
		Debug|Any CPU = Debug|Any CPU
		Release|Any CPU = Release|Any CPU
	EndGlobalSection
	GlobalSection(ProjectConfigurationPlatforms) = postSolution
		{C94BD67C-2A9C-488C-AAFF-2E6B00A25D26}.Debug|Any CPU.ActiveCfg = Debug|Any CPU
		{C94BD67C-2A9C-488C-AAFF-2E6B00A25D26}.Debug|Any CPU.Build.0 = Debug|Any CPU
		{C94BD67C-2A9C-488C-AAFF-2E6B00A25D26}.Release|Any CPU.ActiveCfg = Release|Any CPU
		{C94BD67C-2A9C-488C-AAFF-2E6B00A25D26}.Release|Any CPU.Build.0 = Release|Any CPU
	EndGlobalSection
	GlobalSection(SolutionProperties) = preSolution
		HideSolutionNode = FALSE
	EndGlobalSection
	GlobalSection(ExtensibilityGlobals) = postSolution
		SolutionGuid = {B3CF8B33-8257-43F1-A3E9-A8BAC3931BFD}
	EndGlobalSection
EndGlobal
