
Microsoft Visual Studio Solution File, Format Version 12.00
# Visual Studio Version 16
VisualStudioVersion = 16.0.31019.35
MinimumVisualStudioVersion = 10.0.40219.1
Project("{FAE04EC0-301F-11D3-BF4B-00C04F79EFBC}") = "Vigilance.Plugins.Example", "Vigilance.Plugins.Example\Vigilance.Plugins.Example.csproj", "{5B1D1DD6-ED8E-4B04-BA87-B4B135474505}"
EndProject
Global
	GlobalSection(SolutionConfigurationPlatforms) = preSolution
		Debug|Any CPU = Debug|Any CPU
		Release|Any CPU = Release|Any CPU
	EndGlobalSection
	GlobalSection(ProjectConfigurationPlatforms) = postSolution
		{5B1D1DD6-ED8E-4B04-BA87-B4B135474505}.Debug|Any CPU.ActiveCfg = Debug|Any CPU
		{5B1D1DD6-ED8E-4B04-BA87-B4B135474505}.Debug|Any CPU.Build.0 = Debug|Any CPU
		{5B1D1DD6-ED8E-4B04-BA87-B4B135474505}.Release|Any CPU.ActiveCfg = Release|Any CPU
		{5B1D1DD6-ED8E-4B04-BA87-B4B135474505}.Release|Any CPU.Build.0 = Release|Any CPU
	EndGlobalSection
	GlobalSection(SolutionProperties) = preSolution
		HideSolutionNode = FALSE
	EndGlobalSection
	GlobalSection(ExtensibilityGlobals) = postSolution
		SolutionGuid = {30CFD9DB-5850-413E-8B87-174D39076640}
	EndGlobalSection
EndGlobal
