
Microsoft Visual Studio Solution File, Format Version 12.00
# Visual Studio Version 16
VisualStudioVersion = 16.0.31019.35
MinimumVisualStudioVersion = 10.0.40219.1
Project("{FAE04EC0-301F-11D3-BF4B-00C04F79EFBC}") = "Vigilance.External.Utilities", "Vigilance.External.Utilities\Vigilance.External.Utilities.csproj", "{6735DD62-38FA-4CB0-903D-E1B98FA5C6F2}"
EndProject
Global
	GlobalSection(SolutionConfigurationPlatforms) = preSolution
		Debug|Any CPU = Debug|Any CPU
		Release|Any CPU = Release|Any CPU
	EndGlobalSection
	GlobalSection(ProjectConfigurationPlatforms) = postSolution
		{6735DD62-38FA-4CB0-903D-E1B98FA5C6F2}.Debug|Any CPU.ActiveCfg = Debug|Any CPU
		{6735DD62-38FA-4CB0-903D-E1B98FA5C6F2}.Debug|Any CPU.Build.0 = Debug|Any CPU
		{6735DD62-38FA-4CB0-903D-E1B98FA5C6F2}.Release|Any CPU.ActiveCfg = Release|Any CPU
		{6735DD62-38FA-4CB0-903D-E1B98FA5C6F2}.Release|Any CPU.Build.0 = Release|Any CPU
	EndGlobalSection
	GlobalSection(SolutionProperties) = preSolution
		HideSolutionNode = FALSE
	EndGlobalSection
	GlobalSection(ExtensibilityGlobals) = postSolution
		SolutionGuid = {D267CDA8-D9AE-4F98-939E-DA2EB6FD8D45}
	EndGlobalSection
EndGlobal
