
Microsoft Visual Studio Solution File, Format Version 12.00
# Visual Studio Version 16
VisualStudioVersion = 16.0.31019.35
MinimumVisualStudioVersion = 10.0.40219.1
Project("{FAE04EC0-301F-11D3-BF4B-00C04F79EFBC}") = "Vigilance.External.Discord", "Vigilance.External.Discord\Vigilance.External.Discord.csproj", "{9611D638-F1B8-4E6D-9DC6-ECCE9A502422}"
EndProject
Global
	GlobalSection(SolutionConfigurationPlatforms) = preSolution
		Debug|Any CPU = Debug|Any CPU
		Release|Any CPU = Release|Any CPU
	EndGlobalSection
	GlobalSection(ProjectConfigurationPlatforms) = postSolution
		{9611D638-F1B8-4E6D-9DC6-ECCE9A502422}.Debug|Any CPU.ActiveCfg = Debug|Any CPU
		{9611D638-F1B8-4E6D-9DC6-ECCE9A502422}.Debug|Any CPU.Build.0 = Debug|Any CPU
		{9611D638-F1B8-4E6D-9DC6-ECCE9A502422}.Release|Any CPU.ActiveCfg = Release|Any CPU
		{9611D638-F1B8-4E6D-9DC6-ECCE9A502422}.Release|Any CPU.Build.0 = Release|Any CPU
	EndGlobalSection
	GlobalSection(SolutionProperties) = preSolution
		HideSolutionNode = FALSE
	EndGlobalSection
	GlobalSection(ExtensibilityGlobals) = postSolution
		SolutionGuid = {5166F5C5-43A0-4731-82DE-C159C015D5AA}
	EndGlobalSection
EndGlobal
